
Microsoft Visual Studio Solution File, Format Version 12.00
# Visual Studio Version 17
VisualStudioVersion = 17.0.32014.148
MinimumVisualStudioVersion = 10.0.40219.1
Project("{9A19103F-16F7-4668-BE54-9A1E7A4F7556}") = "EngajaBlack1", "EngajaBlack1.csproj", "{A49F02E3-ECBD-4CC9-AFE0-A91BEDBC40B5}"
EndProject
Global
	GlobalSection(SolutionConfigurationPlatforms) = preSolution
		Debug|Any CPU = Debug|Any CPU
		Release|Any CPU = Release|Any CPU
	EndGlobalSection
	GlobalSection(ProjectConfigurationPlatforms) = postSolution
		{A49F02E3-ECBD-4CC9-AFE0-A91BEDBC40B5}.Debug|Any CPU.ActiveCfg = Debug|Any CPU
		{A49F02E3-ECBD-4CC9-AFE0-A91BEDBC40B5}.Debug|Any CPU.Build.0 = Debug|Any CPU
		{A49F02E3-ECBD-4CC9-AFE0-A91BEDBC40B5}.Release|Any CPU.ActiveCfg = Release|Any CPU
		{A49F02E3-ECBD-4CC9-AFE0-A91BEDBC40B5}.Release|Any CPU.Build.0 = Release|Any CPU
	EndGlobalSection
	GlobalSection(SolutionProperties) = preSolution
		HideSolutionNode = FALSE
	EndGlobalSection
	GlobalSection(ExtensibilityGlobals) = postSolution
		SolutionGuid = {BCDD2029-83C0-4AB1-B9D4-451301523D0B}
	EndGlobalSection
EndGlobal
